
Microsoft Visual Studio Solution File, Format Version 12.00
# Visual Studio Version 16
VisualStudioVersion = 16.0.30907.101
MinimumVisualStudioVersion = 10.0.40219.1
Project("{FAE04EC0-301F-11D3-BF4B-00C04F79EFBC}") = "Acab3", "Acab3.csproj", "{A902E60B-0ED5-48AE-8B1E-85228788321F}"
EndProject
Global
	GlobalSection(SolutionConfigurationPlatforms) = preSolution
		Debug|Any CPU = Debug|Any CPU
		Release|Any CPU = Release|Any CPU
	EndGlobalSection
	GlobalSection(ProjectConfigurationPlatforms) = postSolution
		{A902E60B-0ED5-48AE-8B1E-85228788321F}.Debug|Any CPU.ActiveCfg = Debug|Any CPU
		{A902E60B-0ED5-48AE-8B1E-85228788321F}.Debug|Any CPU.Build.0 = Debug|Any CPU
		{A902E60B-0ED5-48AE-8B1E-85228788321F}.Release|Any CPU.ActiveCfg = Release|Any CPU
		{A902E60B-0ED5-48AE-8B1E-85228788321F}.Release|Any CPU.Build.0 = Release|Any CPU
	EndGlobalSection
	GlobalSection(SolutionProperties) = preSolution
		HideSolutionNode = FALSE
	EndGlobalSection
	GlobalSection(ExtensibilityGlobals) = postSolution
		SolutionGuid = {947D4446-4AFD-4798-862A-80B4B4B3D660}
	EndGlobalSection
EndGlobal
